
Microsoft Visual Studio Solution File, Format Version 12.00
# Visual Studio Version 17
VisualStudioVersion = 17.6.33723.286
MinimumVisualStudioVersion = 10.0.40219.1
Project("{FAE04EC0-301F-11D3-BF4B-00C04F79EFBC}") = "CharEx", "CharEx.csproj", "{97236DD4-278D-4677-892C-50729CDE19AB}"
EndProject
Global
	GlobalSection(SolutionConfigurationPlatforms) = preSolution
		Debug|Any CPU = Debug|Any CPU
		Release|Any CPU = Release|Any CPU
	EndGlobalSection
	GlobalSection(ProjectConfigurationPlatforms) = postSolution
		{97236DD4-278D-4677-892C-50729CDE19AB}.Debug|Any CPU.ActiveCfg = Debug|Any CPU
		{97236DD4-278D-4677-892C-50729CDE19AB}.Debug|Any CPU.Build.0 = Debug|Any CPU
		{97236DD4-278D-4677-892C-50729CDE19AB}.Release|Any CPU.ActiveCfg = Release|Any CPU
		{97236DD4-278D-4677-892C-50729CDE19AB}.Release|Any CPU.Build.0 = Release|Any CPU
	EndGlobalSection
	GlobalSection(SolutionProperties) = preSolution
		HideSolutionNode = FALSE
	EndGlobalSection
	GlobalSection(ExtensibilityGlobals) = postSolution
		SolutionGuid = {CCE62D85-DD8F-4128-BE28-FD11D7C10628}
	EndGlobalSection
EndGlobal
